
Microsoft Visual Studio Solution File, Format Version 12.00
# Visual Studio 15
VisualStudioVersion = 15.0.26730.16
MinimumVisualStudioVersion = 10.0.40219.1
Project("{FAE04EC0-301F-11D3-BF4B-00C04F79EFBC}") = "MarCourse", "MarCourse\MarCourse.csproj", "{15EE4668-EAEB-4209-9988-DEBF498E24CB}"
EndProject
Global
	GlobalSection(SolutionConfigurationPlatforms) = preSolution
		Debug|Any CPU = Debug|Any CPU
		Release|Any CPU = Release|Any CPU
	EndGlobalSection
	GlobalSection(ProjectConfigurationPlatforms) = postSolution
		{15EE4668-EAEB-4209-9988-DEBF498E24CB}.Debug|Any CPU.ActiveCfg = Debug|Any CPU
		{15EE4668-EAEB-4209-9988-DEBF498E24CB}.Debug|Any CPU.Build.0 = Debug|Any CPU
		{15EE4668-EAEB-4209-9988-DEBF498E24CB}.Release|Any CPU.ActiveCfg = Release|Any CPU
		{15EE4668-EAEB-4209-9988-DEBF498E24CB}.Release|Any CPU.Build.0 = Release|Any CPU
	EndGlobalSection
	GlobalSection(SolutionProperties) = preSolution
		HideSolutionNode = FALSE
	EndGlobalSection
	GlobalSection(ExtensibilityGlobals) = postSolution
		SolutionGuid = {0FC523B9-DB17-46EA-9053-95CC9DF853CD}
	EndGlobalSection
EndGlobal
